// !$*UTF8*$!
{
	archiveVersion = 1;
	classes = {
	};
	objectVersion = 77;
	objects = {

/* Begin PBXBuildFile section */
		2166686F2D48E23F009AAA76 /* Fonts.swift in Sources */ = {isa = PBXBuildFile; fileRef = 2166686E2D48E23F009AAA76 /* Fonts.swift */; };
		216668712D48E4B2009AAA76 /* NSAttributedString+Ext.swift in Sources */ = {isa = PBXBuildFile; fileRef = 216668702D48E4B2009AAA76 /* NSAttributedString+Ext.swift */; };
		216668732D48E89A009AAA76 /* Colors.swift in Sources */ = {isa = PBXBuildFile; fileRef = 216668722D48E89A009AAA76 /* Colors.swift */; };
		21667B802D4A25B2009AAA76 /* RatingRenderer.swift in Sources */ = {isa = PBXBuildFile; fileRef = 21667B7F2D4A25B2009AAA76 /* RatingRenderer.swift */; };
		2166A0F42D4A5B25009AAA76 /* ReviewsView.swift in Sources */ = {isa = PBXBuildFile; fileRef = 2166A0F32D4A5B25009AAA76 /* ReviewsView.swift */; };
		21B82E2E2D47B0640085DAA2 /* ReviewCell.swift in Sources */ = {isa = PBXBuildFile; fileRef = 21B82E252D47B0640085DAA2 /* ReviewCell.swift */; };
		21B82E302D47B0640085DAA2 /* ReviewsViewController.swift in Sources */ = {isa = PBXBuildFile; fileRef = 21B82E292D47B0640085DAA2 /* ReviewsViewController.swift */; };
		21B82E312D47B0640085DAA2 /* AppDelegate.swift in Sources */ = {isa = PBXBuildFile; fileRef = 21B82E2B2D47B0640085DAA2 /* AppDelegate.swift */; };
		21B82E322D47B0640085DAA2 /* Assets.xcassets in Resources */ = {isa = PBXBuildFile; fileRef = 21B82E232D47B0640085DAA2 /* Assets.xcassets */; };
		21B82E342D47B0AA0085DAA2 /* ReviewsViewModel.swift in Sources */ = {isa = PBXBuildFile; fileRef = 21B82E332D47B0AA0085DAA2 /* ReviewsViewModel.swift */; };
		21B82E362D47B0D80085DAA2 /* ReviewsProvider.swift in Sources */ = {isa = PBXBuildFile; fileRef = 21B82E352D47B0D80085DAA2 /* ReviewsProvider.swift */; };
		21B82E392D47B1320085DAA2 /* Review.swift in Sources */ = {isa = PBXBuildFile; fileRef = 21B82E382D47B1320085DAA2 /* Review.swift */; };
		21B82E3C2D47B2230085DAA2 /* getReviews.response.json in Resources */ = {isa = PBXBuildFile; fileRef = 21B82E3B2D47B2230085DAA2 /* getReviews.response.json */; };
		21B8416B2D47BFA10085DAA2 /* Reviews.swift in Sources */ = {isa = PBXBuildFile; fileRef = 21B8416A2D47BFA10085DAA2 /* Reviews.swift */; };
		21B8416D2D47C0E20085DAA2 /* ReviewsViewModelState.swift in Sources */ = {isa = PBXBuildFile; fileRef = 21B8416C2D47C0E20085DAA2 /* ReviewsViewModelState.swift */; };
		21B8416F2D47C4C60085DAA2 /* String+Ext.swift in Sources */ = {isa = PBXBuildFile; fileRef = 21B8416E2D47C4C60085DAA2 /* String+Ext.swift */; };
		21B841712D47C5F00085DAA2 /* TableCellConfig.swift in Sources */ = {isa = PBXBuildFile; fileRef = 21B841702D47C5F00085DAA2 /* TableCellConfig.swift */; };
		21ED1F602D69C85E0012D6F6 /* RootViewController.swift in Sources */ = {isa = PBXBuildFile; fileRef = 21ED1F5F2D69C85E0012D6F6 /* RootViewController.swift */; };
		21ED1F622D69CBCD0012D6F6 /* RootView.swift in Sources */ = {isa = PBXBuildFile; fileRef = 21ED1F612D69CBCD0012D6F6 /* RootView.swift */; };
		21ED1F652D69D0340012D6F6 /* ReviewsScreenFactory.swift in Sources */ = {isa = PBXBuildFile; fileRef = 21ED1F642D69D0340012D6F6 /* ReviewsScreenFactory.swift */; };
/* End PBXBuildFile section */

/* Begin PBXFileReference section */
		2166686E2D48E23F009AAA76 /* Fonts.swift */ = {isa = PBXFileReference; lastKnownFileType = sourcecode.swift; path = Fonts.swift; sourceTree = "<group>"; };
		216668702D48E4B2009AAA76 /* NSAttributedString+Ext.swift */ = {isa = PBXFileReference; lastKnownFileType = sourcecode.swift; path = "NSAttributedString+Ext.swift"; sourceTree = "<group>"; };
		216668722D48E89A009AAA76 /* Colors.swift */ = {isa = PBXFileReference; lastKnownFileType = sourcecode.swift; path = Colors.swift; sourceTree = "<group>"; };
		21667B7F2D4A25B2009AAA76 /* RatingRenderer.swift */ = {isa = PBXFileReference; lastKnownFileType = sourcecode.swift; path = RatingRenderer.swift; sourceTree = "<group>"; };
		2166A0F32D4A5B25009AAA76 /* ReviewsView.swift */ = {isa = PBXFileReference; lastKnownFileType = sourcecode.swift; path = ReviewsView.swift; sourceTree = "<group>"; };
		21B82DF92D4792300085DAA2 /* Test.app */ = {isa = PBXFileReference; explicitFileType = wrapper.application; includeInIndex = 0; path = Test.app; sourceTree = BUILT_PRODUCTS_DIR; };
		21B82E232D47B0640085DAA2 /* Assets.xcassets */ = {isa = PBXFileReference; lastKnownFileType = folder.assetcatalog; path = Assets.xcassets; sourceTree = "<group>"; };
		21B82E252D47B0640085DAA2 /* ReviewCell.swift */ = {isa = PBXFileReference; lastKnownFileType = sourcecode.swift; path = ReviewCell.swift; sourceTree = "<group>"; };
		21B82E292D47B0640085DAA2 /* ReviewsViewController.swift */ = {isa = PBXFileReference; lastKnownFileType = sourcecode.swift; path = ReviewsViewController.swift; sourceTree = "<group>"; };
		21B82E2B2D47B0640085DAA2 /* AppDelegate.swift */ = {isa = PBXFileReference; lastKnownFileType = sourcecode.swift; path = AppDelegate.swift; sourceTree = "<group>"; };
		21B82E332D47B0AA0085DAA2 /* ReviewsViewModel.swift */ = {isa = PBXFileReference; lastKnownFileType = sourcecode.swift; path = ReviewsViewModel.swift; sourceTree = "<group>"; };
		21B82E352D47B0D80085DAA2 /* ReviewsProvider.swift */ = {isa = PBXFileReference; lastKnownFileType = sourcecode.swift; path = ReviewsProvider.swift; sourceTree = "<group>"; };
		21B82E382D47B1320085DAA2 /* Review.swift */ = {isa = PBXFileReference; lastKnownFileType = sourcecode.swift; path = Review.swift; sourceTree = "<group>"; };
		21B82E3B2D47B2230085DAA2 /* getReviews.response.json */ = {isa = PBXFileReference; lastKnownFileType = text.json; path = getReviews.response.json; sourceTree = "<group>"; };
		21B8416A2D47BFA10085DAA2 /* Reviews.swift */ = {isa = PBXFileReference; lastKnownFileType = sourcecode.swift; path = Reviews.swift; sourceTree = "<group>"; };
		21B8416C2D47C0E20085DAA2 /* ReviewsViewModelState.swift */ = {isa = PBXFileReference; lastKnownFileType = sourcecode.swift; path = ReviewsViewModelState.swift; sourceTree = "<group>"; };
		21B8416E2D47C4C60085DAA2 /* String+Ext.swift */ = {isa = PBXFileReference; lastKnownFileType = sourcecode.swift; path = "String+Ext.swift"; sourceTree = "<group>"; };
		21B841702D47C5F00085DAA2 /* TableCellConfig.swift */ = {isa = PBXFileReference; lastKnownFileType = sourcecode.swift; path = TableCellConfig.swift; sourceTree = "<group>"; };
		21ED1F5F2D69C85E0012D6F6 /* RootViewController.swift */ = {isa = PBXFileReference; lastKnownFileType = sourcecode.swift; path = RootViewController.swift; sourceTree = "<group>"; };
		21ED1F612D69CBCD0012D6F6 /* RootView.swift */ = {isa = PBXFileReference; lastKnownFileType = sourcecode.swift; path = RootView.swift; sourceTree = "<group>"; };
		21ED1F642D69D0340012D6F6 /* ReviewsScreenFactory.swift */ = {isa = PBXFileReference; lastKnownFileType = sourcecode.swift; path = ReviewsScreenFactory.swift; sourceTree = "<group>"; };
/* End PBXFileReference section */

/* Begin PBXFrameworksBuildPhase section */
		21B82DF62D4792300085DAA2 /* Frameworks */ = {
			isa = PBXFrameworksBuildPhase;
			buildActionMask = 2147483647;
			files = (
			);
			runOnlyForDeploymentPostprocessing = 0;
		};
/* End PBXFrameworksBuildPhase section */

/* Begin PBXGroup section */
		2166686D2D48DEBF009AAA76 /* Protocols */ = {
			isa = PBXGroup;
			children = (
				21B841702D47C5F00085DAA2 /* TableCellConfig.swift */,
			);
			path = Protocols;
			sourceTree = "<group>";
		};
		216668742D48EA59009AAA76 /* Constants */ = {
			isa = PBXGroup;
			children = (
				2166686E2D48E23F009AAA76 /* Fonts.swift */,
				216668722D48E89A009AAA76 /* Colors.swift */,
			);
			path = Constants;
			sourceTree = "<group>";
		};
		216668752D48F39E009AAA76 /* Cells */ = {
			isa = PBXGroup;
			children = (
				21B82E252D47B0640085DAA2 /* ReviewCell.swift */,
			);
			path = Cells;
			sourceTree = "<group>";
		};
		21B82DF02D4792300085DAA2 = {
			isa = PBXGroup;
			children = (
				21B82E2C2D47B0640085DAA2 /* Test */,
				21B82DFA2D4792300085DAA2 /* Products */,
			);
			sourceTree = "<group>";
		};
		21B82DFA2D4792300085DAA2 /* Products */ = {
			isa = PBXGroup;
			children = (
				21B82DF92D4792300085DAA2 /* Test.app */,
			);
			name = Products;
			sourceTree = "<group>";
		};
		21B82E222D47B0640085DAA2 /* Extensions */ = {
			isa = PBXGroup;
			children = (
				21B8416E2D47C4C60085DAA2 /* String+Ext.swift */,
				216668702D48E4B2009AAA76 /* NSAttributedString+Ext.swift */,
			);
			path = Extensions;
			sourceTree = "<group>";
		};
		21B82E242D47B0640085DAA2 /* Resources */ = {
			isa = PBXGroup;
			children = (
				21B841692D47BE780085DAA2 /* Responses */,
				21B82E232D47B0640085DAA2 /* Assets.xcassets */,
			);
			path = Resources;
			sourceTree = "<group>";
		};
		21B82E2A2D47B0640085DAA2 /* Screens */ = {
			isa = PBXGroup;
			children = (
				21ED1F632D69CF860012D6F6 /* Root */,
				21B82E372D47B1090085DAA2 /* Reviews */,
			);
			path = Screens;
			sourceTree = "<group>";
		};
		21B82E2C2D47B0640085DAA2 /* Test */ = {
			isa = PBXGroup;
			children = (
				21B82E2B2D47B0640085DAA2 /* AppDelegate.swift */,
				21B82E2A2D47B0640085DAA2 /* Screens */,
				2166686D2D48DEBF009AAA76 /* Protocols */,
				21B841682D47BC7F0085DAA2 /* Model */,
				216668742D48EA59009AAA76 /* Constants */,
				21B82E222D47B0640085DAA2 /* Extensions */,
				21B82E242D47B0640085DAA2 /* Resources */,
			);
			path = Test;
			sourceTree = "<group>";
		};
		21B82E372D47B1090085DAA2 /* Reviews */ = {
			isa = PBXGroup;
			children = (
				21ED1F642D69D0340012D6F6 /* ReviewsScreenFactory.swift */,
				21B82E292D47B0640085DAA2 /* ReviewsViewController.swift */,
				2166A0F32D4A5B25009AAA76 /* ReviewsView.swift */,
				21B8416C2D47C0E20085DAA2 /* ReviewsViewModelState.swift */,
				21B82E332D47B0AA0085DAA2 /* ReviewsViewModel.swift */,
				21B82E352D47B0D80085DAA2 /* ReviewsProvider.swift */,
				21667B7F2D4A25B2009AAA76 /* RatingRenderer.swift */,
				216668752D48F39E009AAA76 /* Cells */,
			);
			path = Reviews;
			sourceTree = "<group>";
		};
		21B841682D47BC7F0085DAA2 /* Model */ = {
			isa = PBXGroup;
			children = (
				21B8416A2D47BFA10085DAA2 /* Reviews.swift */,
				21B82E382D47B1320085DAA2 /* Review.swift */,
			);
			path = Model;
			sourceTree = "<group>";
		};
		21B841692D47BE780085DAA2 /* Responses */ = {
			isa = PBXGroup;
			children = (
				21B82E3B2D47B2230085DAA2 /* getReviews.response.json */,
			);
			path = Responses;
			sourceTree = "<group>";
		};
		21ED1F632D69CF860012D6F6 /* Root */ = {
			isa = PBXGroup;
			children = (
				21ED1F5F2D69C85E0012D6F6 /* RootViewController.swift */,
				21ED1F612D69CBCD0012D6F6 /* RootView.swift */,
			);
			path = Root;
			sourceTree = "<group>";
		};
/* End PBXGroup section */

/* Begin PBXNativeTarget section */
		21B82DF82D4792300085DAA2 /* Test */ = {
			isa = PBXNativeTarget;
			buildConfigurationList = 21B82E0C2D4792310085DAA2 /* Build configuration list for PBXNativeTarget "Test" */;
			buildPhases = (
				21B82DF52D4792300085DAA2 /* Sources */,
				21B82DF62D4792300085DAA2 /* Frameworks */,
				21B82DF72D4792300085DAA2 /* Resources */,
			);
			buildRules = (
			);
			dependencies = (
			);
			name = Test;
			packageProductDependencies = (
			);
			productName = Test;
			productReference = 21B82DF92D4792300085DAA2 /* Test.app */;
			productType = "com.apple.product-type.application";
		};
/* End PBXNativeTarget section */

/* Begin PBXProject section */
		21B82DF12D4792300085DAA2 /* Project object */ = {
			isa = PBXProject;
			attributes = {
				BuildIndependentTargetsInParallel = 1;
				LastSwiftUpdateCheck = 1620;
				LastUpgradeCheck = 1620;
				TargetAttributes = {
					21B82DF82D4792300085DAA2 = {
						CreatedOnToolsVersion = 16.2;
					};
				};
			};
			buildConfigurationList = 21B82DF42D4792300085DAA2 /* Build configuration list for PBXProject "Test" */;
			developmentRegion = ru;
			hasScannedForEncodings = 0;
			knownRegions = (
				en,
				ru,
			);
			mainGroup = 21B82DF02D4792300085DAA2;
			minimizedProjectReferenceProxies = 1;
			preferredProjectObjectVersion = 77;
			productRefGroup = 21B82DFA2D4792300085DAA2 /* Products */;
			projectDirPath = "";
			projectRoot = "";
			targets = (
				21B82DF82D4792300085DAA2 /* Test */,
			);
		};
/* End PBXProject section */

/* Begin PBXResourcesBuildPhase section */
		21B82DF72D4792300085DAA2 /* Resources */ = {
			isa = PBXResourcesBuildPhase;
			buildActionMask = 2147483647;
			files = (
				21B82E3C2D47B2230085DAA2 /* getReviews.response.json in Resources */,
				21B82E322D47B0640085DAA2 /* Assets.xcassets in Resources */,
			);
			runOnlyForDeploymentPostprocessing = 0;
		};
/* End PBXResourcesBuildPhase section */

/* Begin PBXSourcesBuildPhase section */
		21B82DF52D4792300085DAA2 /* Sources */ = {
			isa = PBXSourcesBuildPhase;
			buildActionMask = 2147483647;
			files = (
				21B82E392D47B1320085DAA2 /* Review.swift in Sources */,
				21B8416D2D47C0E20085DAA2 /* ReviewsViewModelState.swift in Sources */,
				21B82E2E2D47B0640085DAA2 /* ReviewCell.swift in Sources */,
				21ED1F622D69CBCD0012D6F6 /* RootView.swift in Sources */,
				21667B802D4A25B2009AAA76 /* RatingRenderer.swift in Sources */,
				216668712D48E4B2009AAA76 /* NSAttributedString+Ext.swift in Sources */,
				21B82E362D47B0D80085DAA2 /* ReviewsProvider.swift in Sources */,
				21ED1F602D69C85E0012D6F6 /* RootViewController.swift in Sources */,
				21B82E342D47B0AA0085DAA2 /* ReviewsViewModel.swift in Sources */,
				21B8416B2D47BFA10085DAA2 /* Reviews.swift in Sources */,
				21B82E302D47B0640085DAA2 /* ReviewsViewController.swift in Sources */,
				2166A0F42D4A5B25009AAA76 /* ReviewsView.swift in Sources */,
				216668732D48E89A009AAA76 /* Colors.swift in Sources */,
				21B841712D47C5F00085DAA2 /* TableCellConfig.swift in Sources */,
				21ED1F652D69D0340012D6F6 /* ReviewsScreenFactory.swift in Sources */,
				2166686F2D48E23F009AAA76 /* Fonts.swift in Sources */,
				21B82E312D47B0640085DAA2 /* AppDelegate.swift in Sources */,
				21B8416F2D47C4C60085DAA2 /* String+Ext.swift in Sources */,
			);
			runOnlyForDeploymentPostprocessing = 0;
		};
/* End PBXSourcesBuildPhase section */

/* Begin XCBuildConfiguration section */
		21B82E0D2D4792310085DAA2 /* Debug */ = {
			isa = XCBuildConfiguration;
			buildSettings = {
				ASSETCATALOG_COMPILER_APPICON_NAME = AppIcon;
				ASSETCATALOG_COMPILER_GLOBAL_ACCENT_COLOR_NAME = AccentColor;
				CODE_SIGN_STYLE = Automatic;
				CURRENT_PROJECT_VERSION = 1;
				GENERATE_INFOPLIST_FILE = YES;
				INFOPLIST_KEY_UIApplicationSupportsIndirectInputEvents = YES;
				INFOPLIST_KEY_UILaunchScreen_Generation = YES;
				INFOPLIST_KEY_UISupportedInterfaceOrientations = UIInterfaceOrientationPortrait;
				INFOPLIST_KEY_UISupportedInterfaceOrientations_iPad = "UIInterfaceOrientationLandscapeLeft UIInterfaceOrientationLandscapeRight UIInterfaceOrientationPortrait UIInterfaceOrientationPortraitUpsideDown";
				IPHONEOS_DEPLOYMENT_TARGET = 15.6;
				LD_RUNPATH_SEARCH_PATHS = (
					"$(inherited)",
					"@executable_path/Frameworks",
				);
				MARKETING_VERSION = 1.0;
				PRODUCT_BUNDLE_IDENTIFIER = com.pgc6240.Test;
				PRODUCT_NAME = "$(TARGET_NAME)";
				SUPPORTED_PLATFORMS = "iphoneos iphonesimulator";
				SUPPORTS_MACCATALYST = NO;
				SUPPORTS_MAC_DESIGNED_FOR_IPHONE_IPAD = NO;
				SUPPORTS_XR_DESIGNED_FOR_IPHONE_IPAD = NO;
				SWIFT_EMIT_LOC_STRINGS = YES;
				SWIFT_VERSION = 5.0;
				TARGETED_DEVICE_FAMILY = "1,2";
			};
			name = Debug;
		};
		21B82E0E2D4792310085DAA2 /* Release */ = {
			isa = XCBuildConfiguration;
			buildSettings = {
				ASSETCATALOG_COMPILER_APPICON_NAME = AppIcon;
				ASSETCATALOG_COMPILER_GLOBAL_ACCENT_COLOR_NAME = AccentColor;
				CODE_SIGN_STYLE = Automatic;
				CURRENT_PROJECT_VERSION = 1;
				GENERATE_INFOPLIST_FILE = YES;
				INFOPLIST_KEY_UIApplicationSupportsIndirectInputEvents = YES;
				INFOPLIST_KEY_UILaunchScreen_Generation = YES;
				INFOPLIST_KEY_UISupportedInterfaceOrientations = UIInterfaceOrientationPortrait;
				INFOPLIST_KEY_UISupportedInterfaceOrientations_iPad = "UIInterfaceOrientationLandscapeLeft UIInterfaceOrientationLandscapeRight UIInterfaceOrientationPortrait UIInterfaceOrientationPortraitUpsideDown";
				IPHONEOS_DEPLOYMENT_TARGET = 15.6;
				LD_RUNPATH_SEARCH_PATHS = (
					"$(inherited)",
					"@executable_path/Frameworks",
				);
				MARKETING_VERSION = 1.0;
				PRODUCT_BUNDLE_IDENTIFIER = com.pgc6240.Test;
				PRODUCT_NAME = "$(TARGET_NAME)";
				SUPPORTED_PLATFORMS = "iphoneos iphonesimulator";
				SUPPORTS_MACCATALYST = NO;
				SUPPORTS_MAC_DESIGNED_FOR_IPHONE_IPAD = NO;
				SUPPORTS_XR_DESIGNED_FOR_IPHONE_IPAD = NO;
				SWIFT_EMIT_LOC_STRINGS = YES;
				SWIFT_VERSION = 5.0;
				TARGETED_DEVICE_FAMILY = "1,2";
			};
			name = Release;
		};
		21B82E0F2D4792310085DAA2 /* Debug */ = {
			isa = XCBuildConfiguration;
			buildSettings = {
				ALWAYS_SEARCH_USER_PATHS = NO;
				ASSETCATALOG_COMPILER_GENERATE_SWIFT_ASSET_SYMBOL_EXTENSIONS = YES;
				CLANG_ANALYZER_NONNULL = YES;
				CLANG_ANALYZER_NUMBER_OBJECT_CONVERSION = YES_AGGRESSIVE;
				CLANG_CXX_LANGUAGE_STANDARD = "gnu++20";
				CLANG_ENABLE_MODULES = YES;
				CLANG_ENABLE_OBJC_ARC = YES;
				CLANG_ENABLE_OBJC_WEAK = YES;
				CLANG_WARN_BLOCK_CAPTURE_AUTORELEASING = YES;
				CLANG_WARN_BOOL_CONVERSION = YES;
				CLANG_WARN_COMMA = YES;
				CLANG_WARN_CONSTANT_CONVERSION = YES;
				CLANG_WARN_DEPRECATED_OBJC_IMPLEMENTATIONS = YES;
				CLANG_WARN_DIRECT_OBJC_ISA_USAGE = YES_ERROR;
				CLANG_WARN_DOCUMENTATION_COMMENTS = YES;
				CLANG_WARN_EMPTY_BODY = YES;
				CLANG_WARN_ENUM_CONVERSION = YES;
				CLANG_WARN_INFINITE_RECURSION = YES;
				CLANG_WARN_INT_CONVERSION = YES;
				CLANG_WARN_NON_LITERAL_NULL_CONVERSION = YES;
				CLANG_WARN_OBJC_IMPLICIT_RETAIN_SELF = YES;
				CLANG_WARN_OBJC_LITERAL_CONVERSION = YES;
				CLANG_WARN_OBJC_ROOT_CLASS = YES_ERROR;
				CLANG_WARN_QUOTED_INCLUDE_IN_FRAMEWORK_HEADER = YES;
				CLANG_WARN_RANGE_LOOP_ANALYSIS = YES;
				CLANG_WARN_STRICT_PROTOTYPES = YES;
				CLANG_WARN_SUSPICIOUS_MOVE = YES;
				CLANG_WARN_UNGUARDED_AVAILABILITY = YES_AGGRESSIVE;
				CLANG_WARN_UNREACHABLE_CODE = YES;
				CLANG_WARN__DUPLICATE_METHOD_MATCH = YES;
				COPY_PHASE_STRIP = NO;
				DEBUG_INFORMATION_FORMAT = dwarf;
				ENABLE_STRICT_OBJC_MSGSEND = YES;
				ENABLE_TESTABILITY = YES;
				ENABLE_USER_SCRIPT_SANDBOXING = YES;
				GCC_C_LANGUAGE_STANDARD = gnu17;
				GCC_DYNAMIC_NO_PIC = NO;
				GCC_NO_COMMON_BLOCKS = YES;
				GCC_OPTIMIZATION_LEVEL = 0;
				GCC_PREPROCESSOR_DEFINITIONS = (
					"DEBUG=1",
					"$(inherited)",
				);
				GCC_WARN_64_TO_32_BIT_CONVERSION = YES;
				GCC_WARN_ABOUT_RETURN_TYPE = YES_ERROR;
				GCC_WARN_UNDECLARED_SELECTOR = YES;
				GCC_WARN_UNINITIALIZED_AUTOS = YES_AGGRESSIVE;
				GCC_WARN_UNUSED_FUNCTION = YES;
				GCC_WARN_UNUSED_VARIABLE = YES;
				GENERATE_INFOPLIST_FILE = YES;
				IPHONEOS_DEPLOYMENT_TARGET = 18.2;
				LOCALIZATION_PREFERS_STRING_CATALOGS = YES;
				MTL_ENABLE_DEBUG_INFO = INCLUDE_SOURCE;
				MTL_FAST_MATH = YES;
				ONLY_ACTIVE_ARCH = YES;
				SDKROOT = iphoneos;
				SWIFT_ACTIVE_COMPILATION_CONDITIONS = "DEBUG $(inherited)";
				SWIFT_OPTIMIZATION_LEVEL = "-Onone";
			};
			name = Debug;
		};
		21B82E102D4792310085DAA2 /* Release */ = {
			isa = XCBuildConfiguration;
			buildSettings = {
				ALWAYS_SEARCH_USER_PATHS = NO;
				ASSETCATALOG_COMPILER_GENERATE_SWIFT_ASSET_SYMBOL_EXTENSIONS = YES;
				CLANG_ANALYZER_NONNULL = YES;
				CLANG_ANALYZER_NUMBER_OBJECT_CONVERSION = YES_AGGRESSIVE;
				CLANG_CXX_LANGUAGE_STANDARD = "gnu++20";
				CLANG_ENABLE_MODULES = YES;
				CLANG_ENABLE_OBJC_ARC = YES;
				CLANG_ENABLE_OBJC_WEAK = YES;
				CLANG_WARN_BLOCK_CAPTURE_AUTORELEASING = YES;
				CLANG_WARN_BOOL_CONVERSION = YES;
				CLANG_WARN_COMMA = YES;
				CLANG_WARN_CONSTANT_CONVERSION = YES;
				CLANG_WARN_DEPRECATED_OBJC_IMPLEMENTATIONS = YES;
				CLANG_WARN_DIRECT_OBJC_ISA_USAGE = YES_ERROR;
				CLANG_WARN_DOCUMENTATION_COMMENTS = YES;
				CLANG_WARN_EMPTY_BODY = YES;
				CLANG_WARN_ENUM_CONVERSION = YES;
				CLANG_WARN_INFINITE_RECURSION = YES;
				CLANG_WARN_INT_CONVERSION = YES;
				CLANG_WARN_NON_LITERAL_NULL_CONVERSION = YES;
				CLANG_WARN_OBJC_IMPLICIT_RETAIN_SELF = YES;
				CLANG_WARN_OBJC_LITERAL_CONVERSION = YES;
				CLANG_WARN_OBJC_ROOT_CLASS = YES_ERROR;
				CLANG_WARN_QUOTED_INCLUDE_IN_FRAMEWORK_HEADER = YES;
				CLANG_WARN_RANGE_LOOP_ANALYSIS = YES;
				CLANG_WARN_STRICT_PROTOTYPES = YES;
				CLANG_WARN_SUSPICIOUS_MOVE = YES;
				CLANG_WARN_UNGUARDED_AVAILABILITY = YES_AGGRESSIVE;
				CLANG_WARN_UNREACHABLE_CODE = YES;
				CLANG_WARN__DUPLICATE_METHOD_MATCH = YES;
				COPY_PHASE_STRIP = NO;
				DEBUG_INFORMATION_FORMAT = "dwarf-with-dsym";
				ENABLE_NS_ASSERTIONS = NO;
				ENABLE_STRICT_OBJC_MSGSEND = YES;
				ENABLE_USER_SCRIPT_SANDBOXING = YES;
				GCC_C_LANGUAGE_STANDARD = gnu17;
				GCC_NO_COMMON_BLOCKS = YES;
				GCC_WARN_64_TO_32_BIT_CONVERSION = YES;
				GCC_WARN_ABOUT_RETURN_TYPE = YES_ERROR;
				GCC_WARN_UNDECLARED_SELECTOR = YES;
				GCC_WARN_UNINITIALIZED_AUTOS = YES_AGGRESSIVE;
				GCC_WARN_UNUSED_FUNCTION = YES;
				GCC_WARN_UNUSED_VARIABLE = YES;
				GENERATE_INFOPLIST_FILE = YES;
				IPHONEOS_DEPLOYMENT_TARGET = 18.2;
				LOCALIZATION_PREFERS_STRING_CATALOGS = YES;
				MTL_ENABLE_DEBUG_INFO = NO;
				MTL_FAST_MATH = YES;
				SDKROOT = iphoneos;
				SWIFT_COMPILATION_MODE = wholemodule;
				VALIDATE_PRODUCT = YES;
			};
			name = Release;
		};
/* End XCBuildConfiguration section */

/* Begin XCConfigurationList section */
		21B82DF42D4792300085DAA2 /* Build configuration list for PBXProject "Test" */ = {
			isa = XCConfigurationList;
			buildConfigurations = (
				21B82E0F2D4792310085DAA2 /* Debug */,
				21B82E102D4792310085DAA2 /* Release */,
			);
			defaultConfigurationIsVisible = 0;
			defaultConfigurationName = Release;
		};
		21B82E0C2D4792310085DAA2 /* Build configuration list for PBXNativeTarget "Test" */ = {
			isa = XCConfigurationList;
			buildConfigurations = (
				21B82E0D2D4792310085DAA2 /* Debug */,
				21B82E0E2D4792310085DAA2 /* Release */,
			);
			defaultConfigurationIsVisible = 0;
			defaultConfigurationName = Release;
		};
/* End XCConfigurationList section */
	};
	rootObject = 21B82DF12D4792300085DAA2 /* Project object */;
}
